
Microsoft Visual Studio Solution File, Format Version 12.00
# Visual Studio Version 17
VisualStudioVersion = 17.9.34728.123
MinimumVisualStudioVersion = 10.0.40219.1
Project("{9A19103F-16F7-4668-BE54-9A1E7A4F7556}") = "Controller", "Controller\Controller.csproj", "{0E165D2B-68F3-4BBF-B5FB-574375A044D2}"
	ProjectSection(ProjectDependencies) = postProject
		{8B233112-D988-4980-9349-099DF0757CAD} = {8B233112-D988-4980-9349-099DF0757CAD}
		{A8BEE5E5-0C14-4B87-B09D-F700D6352DB3} = {A8BEE5E5-0C14-4B87-B09D-F700D6352DB3}
	EndProjectSection
EndProject
Project("{9A19103F-16F7-4668-BE54-9A1E7A4F7556}") = "Model", "Model\Model.csproj", "{A8BEE5E5-0C14-4B87-B09D-F700D6352DB3}"
EndProject
Project("{9A19103F-16F7-4668-BE54-9A1E7A4F7556}") = "View", "View\View.csproj", "{8B233112-D988-4980-9349-099DF0757CAD}"
EndProject
Project("{FAE04EC0-301F-11D3-BF4B-00C04F79EFBC}") = "Utilities", "Utilities\Utilities.csproj", "{6E3BAF24-1BBD-4778-A311-09ED7F864A16}"
EndProject
Project("{FAE04EC0-301F-11D3-BF4B-00C04F79EFBC}") = "Utilities.Tests", "Utilities.Tests\Utilities.Tests.csproj", "{C34D8859-D3E1-4552-ABA3-A5C3F4A2D6BB}"
EndProject
Project("{FAE04EC0-301F-11D3-BF4B-00C04F79EFBC}") = "Services", "Services\Services.csproj", "{9AE45473-179D-4295-BD9A-416EE5342014}"
EndProject
Project("{FAE04EC0-301F-11D3-BF4B-00C04F79EFBC}") = "Extensions", "Extensions\Extensions.csproj", "{7A52DF08-A761-4F4D-AF56-368D83916361}"
EndProject
Global
	GlobalSection(SolutionConfigurationPlatforms) = preSolution
		Debug|Any CPU = Debug|Any CPU
		Release|Any CPU = Release|Any CPU
	EndGlobalSection
	GlobalSection(ProjectConfigurationPlatforms) = postSolution
		{0E165D2B-68F3-4BBF-B5FB-574375A044D2}.Debug|Any CPU.ActiveCfg = Debug|Any CPU
		{0E165D2B-68F3-4BBF-B5FB-574375A044D2}.Debug|Any CPU.Build.0 = Debug|Any CPU
		{0E165D2B-68F3-4BBF-B5FB-574375A044D2}.Release|Any CPU.ActiveCfg = Release|Any CPU
		{0E165D2B-68F3-4BBF-B5FB-574375A044D2}.Release|Any CPU.Build.0 = Release|Any CPU
		{A8BEE5E5-0C14-4B87-B09D-F700D6352DB3}.Debug|Any CPU.ActiveCfg = Debug|Any CPU
		{A8BEE5E5-0C14-4B87-B09D-F700D6352DB3}.Debug|Any CPU.Build.0 = Debug|Any CPU
		{A8BEE5E5-0C14-4B87-B09D-F700D6352DB3}.Release|Any CPU.ActiveCfg = Release|Any CPU
		{A8BEE5E5-0C14-4B87-B09D-F700D6352DB3}.Release|Any CPU.Build.0 = Release|Any CPU
		{8B233112-D988-4980-9349-099DF0757CAD}.Debug|Any CPU.ActiveCfg = Debug|Any CPU
		{8B233112-D988-4980-9349-099DF0757CAD}.Debug|Any CPU.Build.0 = Debug|Any CPU
		{8B233112-D988-4980-9349-099DF0757CAD}.Release|Any CPU.ActiveCfg = Release|Any CPU
		{8B233112-D988-4980-9349-099DF0757CAD}.Release|Any CPU.Build.0 = Release|Any CPU
		{6E3BAF24-1BBD-4778-A311-09ED7F864A16}.Debug|Any CPU.ActiveCfg = Debug|Any CPU
		{6E3BAF24-1BBD-4778-A311-09ED7F864A16}.Debug|Any CPU.Build.0 = Debug|Any CPU
		{6E3BAF24-1BBD-4778-A311-09ED7F864A16}.Release|Any CPU.ActiveCfg = Release|Any CPU
		{6E3BAF24-1BBD-4778-A311-09ED7F864A16}.Release|Any CPU.Build.0 = Release|Any CPU
		{C34D8859-D3E1-4552-ABA3-A5C3F4A2D6BB}.Debug|Any CPU.ActiveCfg = Debug|Any CPU
		{C34D8859-D3E1-4552-ABA3-A5C3F4A2D6BB}.Debug|Any CPU.Build.0 = Debug|Any CPU
		{C34D8859-D3E1-4552-ABA3-A5C3F4A2D6BB}.Release|Any CPU.ActiveCfg = Release|Any CPU
		{C34D8859-D3E1-4552-ABA3-A5C3F4A2D6BB}.Release|Any CPU.Build.0 = Release|Any CPU
		{9AE45473-179D-4295-BD9A-416EE5342014}.Debug|Any CPU.ActiveCfg = Debug|Any CPU
		{9AE45473-179D-4295-BD9A-416EE5342014}.Debug|Any CPU.Build.0 = Debug|Any CPU
		{9AE45473-179D-4295-BD9A-416EE5342014}.Release|Any CPU.ActiveCfg = Release|Any CPU
		{9AE45473-179D-4295-BD9A-416EE5342014}.Release|Any CPU.Build.0 = Release|Any CPU
		{7A52DF08-A761-4F4D-AF56-368D83916361}.Debug|Any CPU.ActiveCfg = Debug|Any CPU
		{7A52DF08-A761-4F4D-AF56-368D83916361}.Debug|Any CPU.Build.0 = Debug|Any CPU
		{7A52DF08-A761-4F4D-AF56-368D83916361}.Release|Any CPU.ActiveCfg = Release|Any CPU
		{7A52DF08-A761-4F4D-AF56-368D83916361}.Release|Any CPU.Build.0 = Release|Any CPU
	EndGlobalSection
	GlobalSection(SolutionProperties) = preSolution
		HideSolutionNode = FALSE
	EndGlobalSection
	GlobalSection(ExtensibilityGlobals) = postSolution
		SolutionGuid = {66B1C7AF-5D4A-4B85-9A9C-A141CB6C8F61}
	EndGlobalSection
EndGlobal
