
Microsoft Visual Studio Solution File, Format Version 12.00
# Visual Studio Version 17
VisualStudioVersion = 17.9.34728.123
MinimumVisualStudioVersion = 10.0.40219.1
Project("{9A19103F-16F7-4668-BE54-9A1E7A4F7556}") = "TheFountainOfObjects.Controller", "TheFountainOfObjects.Controller\TheFountainOfObjects.Controller.csproj", "{0E165D2B-68F3-4BBF-B5FB-574375A044D2}"
	ProjectSection(ProjectDependencies) = postProject
		{8B233112-D988-4980-9349-099DF0757CAD} = {8B233112-D988-4980-9349-099DF0757CAD}
		{A8BEE5E5-0C14-4B87-B09D-F700D6352DB3} = {A8BEE5E5-0C14-4B87-B09D-F700D6352DB3}
	EndProjectSection
EndProject
Project("{9A19103F-16F7-4668-BE54-9A1E7A4F7556}") = "TheFountainOfObjects.Model", "TheFountainOfObjects.Model\TheFountainOfObjects.Model.csproj", "{A8BEE5E5-0C14-4B87-B09D-F700D6352DB3}"
EndProject
Project("{9A19103F-16F7-4668-BE54-9A1E7A4F7556}") = "TheFountainOfObjects.View", "TheFountainOfObjects.View\TheFountainOfObjects.View.csproj", "{8B233112-D988-4980-9349-099DF0757CAD}"
EndProject
Project("{FAE04EC0-301F-11D3-BF4B-00C04F79EFBC}") = "TheFountainOfObjects.Utilities", "TheFountainOfObjects.Utilities\TheFountainOfObjects.Utilities.csproj", "{7CAA26C9-4000-4C8C-B9F4-7EF07DC6CC7F}"
EndProject
Global
	GlobalSection(SolutionConfigurationPlatforms) = preSolution
		Debug|Any CPU = Debug|Any CPU
		Release|Any CPU = Release|Any CPU
	EndGlobalSection
	GlobalSection(ProjectConfigurationPlatforms) = postSolution
		{0E165D2B-68F3-4BBF-B5FB-574375A044D2}.Debug|Any CPU.ActiveCfg = Debug|Any CPU
		{0E165D2B-68F3-4BBF-B5FB-574375A044D2}.Debug|Any CPU.Build.0 = Debug|Any CPU
		{0E165D2B-68F3-4BBF-B5FB-574375A044D2}.Release|Any CPU.ActiveCfg = Release|Any CPU
		{0E165D2B-68F3-4BBF-B5FB-574375A044D2}.Release|Any CPU.Build.0 = Release|Any CPU
		{A8BEE5E5-0C14-4B87-B09D-F700D6352DB3}.Debug|Any CPU.ActiveCfg = Debug|Any CPU
		{A8BEE5E5-0C14-4B87-B09D-F700D6352DB3}.Debug|Any CPU.Build.0 = Debug|Any CPU
		{A8BEE5E5-0C14-4B87-B09D-F700D6352DB3}.Release|Any CPU.ActiveCfg = Release|Any CPU
		{A8BEE5E5-0C14-4B87-B09D-F700D6352DB3}.Release|Any CPU.Build.0 = Release|Any CPU
		{8B233112-D988-4980-9349-099DF0757CAD}.Debug|Any CPU.ActiveCfg = Debug|Any CPU
		{8B233112-D988-4980-9349-099DF0757CAD}.Debug|Any CPU.Build.0 = Debug|Any CPU
		{8B233112-D988-4980-9349-099DF0757CAD}.Release|Any CPU.ActiveCfg = Release|Any CPU
		{8B233112-D988-4980-9349-099DF0757CAD}.Release|Any CPU.Build.0 = Release|Any CPU
		{7CAA26C9-4000-4C8C-B9F4-7EF07DC6CC7F}.Debug|Any CPU.ActiveCfg = Debug|Any CPU
		{7CAA26C9-4000-4C8C-B9F4-7EF07DC6CC7F}.Debug|Any CPU.Build.0 = Debug|Any CPU
		{7CAA26C9-4000-4C8C-B9F4-7EF07DC6CC7F}.Release|Any CPU.ActiveCfg = Release|Any CPU
		{7CAA26C9-4000-4C8C-B9F4-7EF07DC6CC7F}.Release|Any CPU.Build.0 = Release|Any CPU
	EndGlobalSection
	GlobalSection(SolutionProperties) = preSolution
		HideSolutionNode = FALSE
	EndGlobalSection
	GlobalSection(ExtensibilityGlobals) = postSolution
		SolutionGuid = {66B1C7AF-5D4A-4B85-9A9C-A141CB6C8F61}
	EndGlobalSection
EndGlobal
